{
  "projects": [
    {
      "projectId": "szjgMQpPpxhmkjnaBvZQJG",
      "version": "2.34.0",
      "dependencies": {},
      "lang": "ts",
      "fileLocks": [
        {
          "assetId": "szjgMQpPpxhmkjnaBvZQJG",
          "type": "projectCss",
          "checksum": "aa5602fb1c7760bdc8770a5a6b68262e"
        },
        {
          "assetId": "szjgMQpPpxhmkjnaBvZQJG",
          "checksum": "ed55b64e5535458ad86e33f6646dadc9",
          "type": "projectModule"
        },
        {
          "assetId": "szjgMQpPpxhmkjnaBvZQJG",
          "checksum": "fc47cd46c9aa57ddafa19b32ab29ce9d",
          "type": "styleTokensProvider"
        }
      ],
      "codegenVersion": "0.0.2"
    },
    {
      "projectId": "caTPwKxj5ZrD9LQ7DMdK4Z",
      "version": "3.48.0",
      "dependencies": {},
      "lang": "ts",
      "fileLocks": [
        {
          "assetId": "caTPwKxj5ZrD9LQ7DMdK4Z",
          "type": "projectCss",
          "checksum": "a92f8a81c335659a69443e50fd02af8c"
        },
        {
          "assetId": "caTPwKxj5ZrD9LQ7DMdK4Z",
          "checksum": "5f8b503a54d81c7ee5a80fe9a5b1455f",
          "type": "projectModule"
        },
        {
          "assetId": "caTPwKxj5ZrD9LQ7DMdK4Z",
          "checksum": "a64de52d4813f05feeef174d99168c7a",
          "type": "styleTokensProvider"
        }
      ],
      "codegenVersion": "0.0.2"
    },
    {
      "projectId": "miaW1xp1scEQBREQYHRbaL",
      "version": "0.7.0",
      "dependencies": {},
      "lang": "ts",
      "fileLocks": [
        {
          "assetId": "miaW1xp1scEQBREQYHRbaL",
          "type": "projectCss",
          "checksum": "a92f8a81c335659a69443e50fd02af8c"
        },
        {
          "assetId": "miaW1xp1scEQBREQYHRbaL",
          "checksum": "678da78ee126e33ec6a300fc128066e6",
          "type": "projectModule"
        },
        {
          "assetId": "miaW1xp1scEQBREQYHRbaL",
          "checksum": "2ee6ff125650b70cea2bc09ddb87973e",
          "type": "styleTokensProvider"
        }
      ],
      "codegenVersion": "0.0.2"
    },
    {
      "projectId": "kpio2pzukKRJkKg6SSrKTe",
      "version": "0.5.0",
      "dependencies": {},
      "lang": "ts",
      "fileLocks": [
        {
          "assetId": "kpio2pzukKRJkKg6SSrKTe",
          "type": "projectCss",
          "checksum": "a92f8a81c335659a69443e50fd02af8c"
        },
        {
          "assetId": "kpio2pzukKRJkKg6SSrKTe",
          "checksum": "d4f741f63c991785bcb9852079edad68",
          "type": "projectModule"
        },
        {
          "assetId": "kpio2pzukKRJkKg6SSrKTe",
          "checksum": "0ac396ac36c8b54b090f61728da69508",
          "type": "styleTokensProvider"
        }
      ],
      "codegenVersion": "0.0.2"
    },
    {
      "projectId": "8PtdGodUbexNYgkuyBUcWu",
      "version": "3.33.0",
      "dependencies": {},
      "lang": "ts",
      "fileLocks": [
        {
          "assetId": "8PtdGodUbexNYgkuyBUcWu",
          "type": "projectCss",
          "checksum": "1ba4aeba50d03a6e744a73a4e6995be9"
        },
        {
          "assetId": "8PtdGodUbexNYgkuyBUcWu",
          "checksum": "7374716521343de54f4a1551004b56d6",
          "type": "globalContexts"
        },
        {
          "assetId": "8PtdGodUbexNYgkuyBUcWu",
          "checksum": "4a730a817c90d1d4e5cc48ca7ca0f665",
          "type": "projectModule"
        },
        {
          "assetId": "8PtdGodUbexNYgkuyBUcWu",
          "checksum": "1067b7f90483f13e0d6bcbdffd99aa8c",
          "type": "styleTokensProvider"
        }
      ],
      "codegenVersion": "0.0.2"
    },
    {
      "projectId": "7nJ7UcFmq9UzB6eXfC5z4a",
      "version": "0.37.0",
      "dependencies": {},
      "lang": "ts",
      "fileLocks": [
        {
          "assetId": "7nJ7UcFmq9UzB6eXfC5z4a",
          "type": "projectCss",
          "checksum": "f19f5b1ff8205c02fd704231628b3a5c"
        },
        {
          "assetId": "7nJ7UcFmq9UzB6eXfC5z4a",
          "checksum": "bd882956589ba7fcd035211989e13120",
          "type": "projectModule"
        },
        {
          "assetId": "7nJ7UcFmq9UzB6eXfC5z4a",
          "checksum": "4611cf0afb68758e6b3b841a2d445b1d",
          "type": "styleTokensProvider"
        }
      ],
      "codegenVersion": "0.0.2"
    },
    {
      "projectId": "r3ASNrnyvLLLAtDvzUioQ",
      "version": "4.14.0",
      "dependencies": {},
      "lang": "ts",
      "fileLocks": [
        {
          "assetId": "r3ASNrnyvLLLAtDvzUioQ",
          "type": "projectCss",
          "checksum": "a92f8a81c335659a69443e50fd02af8c"
        },
        {
          "assetId": "r3ASNrnyvLLLAtDvzUioQ",
          "checksum": "846ced67e884d585685846cb36f03a5c",
          "type": "projectModule"
        },
        {
          "assetId": "r3ASNrnyvLLLAtDvzUioQ",
          "checksum": "6e6cccbb833b597eb714b131539c7bf5",
          "type": "styleTokensProvider"
        }
      ],
      "codegenVersion": "0.0.2"
    },
    {
      "projectId": "axVArpcqgHCPMKB2yUGsW3",
      "version": "0.0.3",
      "dependencies": {},
      "lang": "ts",
      "fileLocks": [
        {
          "type": "globalVariant",
          "assetId": "aTL61Gk1GKw5",
          "checksum": "b62a345f1491bc300dc7c9e5948f882d"
        },
        {
          "assetId": "axVArpcqgHCPMKB2yUGsW3",
          "type": "projectCss",
          "checksum": "6a1d6f1ae4cc47ff4dfd5b564cfd3ac4"
        },
        {
          "assetId": "axVArpcqgHCPMKB2yUGsW3",
          "checksum": "efeee08be9bb776bd0feea44869d336c",
          "type": "projectModule"
        },
        {
          "assetId": "axVArpcqgHCPMKB2yUGsW3",
          "checksum": "cd805d6527f4ec04f3659a7395593832",
          "type": "styleTokensProvider"
        }
      ],
      "codegenVersion": "0.0.2"
    },
    {
      "projectId": "cTCzYqWgaP9vpqpv3zu3qB",
      "version": "0.0.1",
      "dependencies": {
        "7nJ7UcFmq9UzB6eXfC5z4a": "0.37.0",
        "8PtdGodUbexNYgkuyBUcWu": "3.33.0",
        "kpio2pzukKRJkKg6SSrKTe": "0.5.0",
        "miaW1xp1scEQBREQYHRbaL": "0.7.0",
        "caTPwKxj5ZrD9LQ7DMdK4Z": "3.48.0",
        "szjgMQpPpxhmkjnaBvZQJG": "2.34.0"
      },
      "lang": "ts",
      "fileLocks": [
        {
          "type": "globalVariant",
          "assetId": "P7JuQLvvXA8n",
          "checksum": "062993577da5131ebd4131d996cffb0f"
        },
        {
          "assetId": "cTCzYqWgaP9vpqpv3zu3qB",
          "type": "projectCss",
          "checksum": "09caeb96bf1b9eabc93b75e0f675d728"
        },
        {
          "assetId": "cTCzYqWgaP9vpqpv3zu3qB",
          "checksum": "e6d1c0c74b33221f95f5ebdede175bf6",
          "type": "globalContexts"
        },
        {
          "assetId": "cTCzYqWgaP9vpqpv3zu3qB",
          "checksum": "3de7b84d44b9fce9b4f980d1c24a99d1",
          "type": "projectModule"
        },
        {
          "assetId": "cTCzYqWgaP9vpqpv3zu3qB",
          "checksum": "069f17fae10e29977659295c5e1fb26f",
          "type": "styleTokensProvider"
        },
        {
          "type": "renderModule",
          "assetId": "jBadU26EN7mW",
          "checksum": "96eb2fc8fde6cecd8a18769cc74c9a30"
        },
        {
          "type": "cssRules",
          "assetId": "jBadU26EN7mW",
          "checksum": "96eb2fc8fde6cecd8a18769cc74c9a30"
        },
        {
          "type": "renderModule",
          "assetId": "f4pmll0-yeWS",
          "checksum": "e10702036d306a127712cc5c705c6f3c"
        },
        {
          "type": "cssRules",
          "assetId": "f4pmll0-yeWS",
          "checksum": "e10702036d306a127712cc5c705c6f3c"
        },
        {
          "type": "renderModule",
          "assetId": "p7ZVmGxTNlEE",
          "checksum": "eda505e136d5e243e4467381573306eb"
        },
        {
          "type": "cssRules",
          "assetId": "p7ZVmGxTNlEE",
          "checksum": "eda505e136d5e243e4467381573306eb"
        },
        {
          "type": "renderModule",
          "assetId": "8h3v_EcQF50T",
          "checksum": "9a4121a26c770771c7d35d41f14335ce"
        },
        {
          "type": "cssRules",
          "assetId": "8h3v_EcQF50T",
          "checksum": "9a4121a26c770771c7d35d41f14335ce"
        },
        {
          "type": "icon",
          "assetId": "MGmi45SJLcGK",
          "checksum": "b5840b89562964e36b637f9b3acb5b8e"
        },
        {
          "type": "icon",
          "assetId": "HM7uUJ9u6tk-",
          "checksum": "6cfca89f941b220c067e634e4717bc2e"
        },
        {
          "type": "icon",
          "assetId": "c2DZ4p65eJPW",
          "checksum": "e29d9b96ecef4aafd1e90040454c2fa5"
        },
        {
          "type": "icon",
          "assetId": "2R6u6-juMOjV",
          "checksum": "ffb0f4f6f42a8f3e27ac3e2e668b7a04"
        },
        {
          "type": "icon",
          "assetId": "dvHOTagqs6ms",
          "checksum": "d416de9aec9184849d414f71693c86fb"
        },
        {
          "type": "icon",
          "assetId": "8UOXQWQFh12j",
          "checksum": "326c28889a2ad86a3e62188b2ced95d5"
        },
        {
          "type": "icon",
          "assetId": "pJs-P5AduRbu",
          "checksum": "a546fd64a9c4ce91b706a264b46d1e2f"
        },
        {
          "type": "icon",
          "assetId": "1E3tQa3hkPac",
          "checksum": "803f13febaf84757460136b15708e9d1"
        },
        {
          "type": "icon",
          "assetId": "4nfNViTXjFRj",
          "checksum": "0b22326c489fd129abde09024ff69432"
        },
        {
          "type": "icon",
          "assetId": "z0_ChlteRSYW",
          "checksum": "e068e9c1cae1185035895e43b2eef85e"
        },
        {
          "type": "icon",
          "assetId": "G2TmnLRHy-1h",
          "checksum": "4b7bc398089805c5ab3c03d17815d2f3"
        },
        {
          "type": "icon",
          "assetId": "cJUrrGhcgj4m",
          "checksum": "323fe45e67a456135fd75c4b8554a0b1"
        },
        {
          "type": "icon",
          "assetId": "R2bqW38sFmhv",
          "checksum": "062b36ee6000394f3c21e1695db06449"
        },
        {
          "type": "icon",
          "assetId": "jE8v5ETBJNAG",
          "checksum": "d92c4adc71d4f73bea79433a0384708f"
        },
        {
          "type": "icon",
          "assetId": "T1DCVAJajEuf",
          "checksum": "cd77c4dc15c7fc8c39f7c10d36bd3f76"
        },
        {
          "type": "icon",
          "assetId": "HRR-pMXZUQfJ",
          "checksum": "2c6e65c814d1ac3962fe62be33c3f601"
        },
        {
          "type": "icon",
          "assetId": "dojloyZS93dr",
          "checksum": "329438ff1dd12d9645f20309ef9c17b5"
        },
        {
          "type": "icon",
          "assetId": "2b-HVQBC04jO",
          "checksum": "fc5ec721bf90b27d6fab109182897165"
        },
        {
          "type": "icon",
          "assetId": "_WYVaA7VYj75",
          "checksum": "c15d0ef4ad6806f0976b005c78d2001a"
        },
        {
          "type": "icon",
          "assetId": "4PBzJ6kqC4Wu",
          "checksum": "66fdb1597d89b26d6e8aa9cdab781656"
        },
        {
          "type": "icon",
          "assetId": "9HNTmnc4n-P1",
          "checksum": "b16364eba25c9dce973190772cb61ef1"
        },
        {
          "type": "icon",
          "assetId": "AoCHlhqh2jXG",
          "checksum": "6d8b6ed6de871c9f28dfa58a852fbdf7"
        },
        {
          "type": "icon",
          "assetId": "6hgGe6Sb5Vkg",
          "checksum": "e0b9ac6064cf8731894a2e728c0e49cd"
        },
        {
          "type": "icon",
          "assetId": "k5XagJPJZUJG",
          "checksum": "e9c84d3a880da6bb1510ba862659486b"
        },
        {
          "type": "icon",
          "assetId": "A6ihCtB1IGma",
          "checksum": "37e5251ab5184de401c22242674d0049"
        },
        {
          "type": "icon",
          "assetId": "YJJdnJ0baldC",
          "checksum": "5354f1d99cc110e7bbfc700ac772d022"
        },
        {
          "type": "icon",
          "assetId": "OPWPOJuMigF4",
          "checksum": "a549a63cf04bfb507c8db790be42a96d"
        },
        {
          "type": "icon",
          "assetId": "28HZnI5AGkYt",
          "checksum": "ea638466fb9c79cc74866082ed3b3bb1"
        },
        {
          "type": "icon",
          "assetId": "ybvjo8o6aO54",
          "checksum": "dbb53cef38bda0c9be0730eef3531d96"
        },
        {
          "type": "icon",
          "assetId": "CUocDc1PoWTU",
          "checksum": "b417989f795941da973c0c9c1e8582d1"
        },
        {
          "type": "icon",
          "assetId": "iO44t6EArsmU",
          "checksum": "0d4b01d536a097b9aca8074eed5e8983"
        },
        {
          "type": "icon",
          "assetId": "jBfcEbllc1KT",
          "checksum": "05d4a92e52725ad4e568730b3c50415c"
        },
        {
          "type": "icon",
          "assetId": "Ln-erAMPvqMb",
          "checksum": "930aa79caf27dd90639e1092aba3c5eb"
        },
        {
          "type": "icon",
          "assetId": "CUjRzy3X30R9",
          "checksum": "6bfc5b89b323aafef1a84eae989634ce"
        },
        {
          "type": "icon",
          "assetId": "CDw7eAlObi8R",
          "checksum": "0f96e2d2679e7d9564161b7712807003"
        },
        {
          "type": "icon",
          "assetId": "Ad73rzS4RDR-",
          "checksum": "e433bba32fdd81759a61545e087a5027"
        },
        {
          "type": "icon",
          "assetId": "A2PGalNm_ZIv",
          "checksum": "41fc0823484fca5582e7967183852886"
        },
        {
          "type": "icon",
          "assetId": "8g64UHqruVyH",
          "checksum": "c95e6b0de943719966f4724fed1f3c7e"
        },
        {
          "type": "icon",
          "assetId": "uR79x7tgfGQg",
          "checksum": "9a8ef67e0947a8319149abe03c19ee10"
        },
        {
          "type": "icon",
          "assetId": "K3zaH9caJPlU",
          "checksum": "8c868432010177990ce74c8df5b74c55"
        },
        {
          "type": "image",
          "assetId": "XzytYwIkoJ6g",
          "checksum": "ddc01fccfde8a80868448c9cab3a38e8"
        },
        {
          "type": "image",
          "assetId": "fhr2azNjYhWZ",
          "checksum": "19350e45f2ea6b748c84ba780a3b73f6"
        },
        {
          "type": "image",
          "assetId": "-6ygVja2scw1",
          "checksum": "4039a2fb9e41db814e5825fb4dfc96b0"
        },
        {
          "type": "image",
          "assetId": "_WpxQMSZwhq7",
          "checksum": "f6d551631bc584668ab1672aa79f321c"
        },
        {
          "type": "image",
          "assetId": "jF_JwCW691BK",
          "checksum": "b3e5f6fe457d5ea8be5399ec14a1fabb"
        },
        {
          "type": "image",
          "assetId": "VMGn0Bqn-71p",
          "checksum": "7cb5ce166a8ee30ad88e594bfab3852c"
        },
        {
          "type": "image",
          "assetId": "lqvgd1bFr2NS",
          "checksum": "c7ca1b10c4b2d1131695d63ebb39100e"
        },
        {
          "type": "image",
          "assetId": "kLbgvHmJL8yR",
          "checksum": "9ded085a956a724afcac695c441baecc"
        },
        {
          "type": "image",
          "assetId": "DJwOL1Xxku0D",
          "checksum": "009063d846c4f9ded35ddf136ee305f5"
        },
        {
          "type": "image",
          "assetId": "p7xFQuf96zlO",
          "checksum": "cae8aa6ab6cf4ecea90c7154f779db28"
        },
        {
          "type": "image",
          "assetId": "PuBa2ZAU21mE",
          "checksum": "b40d1bd00a0c6c4f5e91d0b5bc88fda0"
        },
        {
          "type": "image",
          "assetId": "stZTI3AfVbKo",
          "checksum": "1fb5ae2bbe9ebf6ae3732b758ab9ad18"
        },
        {
          "type": "image",
          "assetId": "44bwAZMthVIE",
          "checksum": "e61e7c6e1ab4ce30ed14fda247c016fc"
        },
        {
          "type": "image",
          "assetId": "CQZK7EbA66Bj",
          "checksum": "ce6029de6e8c497316799cfec5d018e8"
        },
        {
          "type": "image",
          "assetId": "-Wpf-lrc_ekj",
          "checksum": "0f591e39cffc933fc38e5bef41d02893"
        },
        {
          "type": "image",
          "assetId": "bufMsQw0twHj",
          "checksum": "cb05a8c87fe017f0322a5e8ec725072d"
        },
        {
          "type": "image",
          "assetId": "PLtFK18xAwBD",
          "checksum": "e0cee0134bb8f83d6d435d5710bc97eb"
        },
        {
          "type": "image",
          "assetId": "Le7EC_buGGE0",
          "checksum": "176c8d70b42f0159286a3623dda12b81"
        },
        {
          "type": "image",
          "assetId": "2YFLXvhLZ-xn",
          "checksum": "4a32775e3b4e8214c9a8bc64c984a6fc"
        },
        {
          "type": "image",
          "assetId": "U94LMYCm03Hh",
          "checksum": "13d5e9e8e976231f2682fd9e9cbb3e9b"
        },
        {
          "type": "image",
          "assetId": "A7jKf0gG9Pyj",
          "checksum": "5716e27683318e9f1199ec10ac627bee"
        },
        {
          "type": "image",
          "assetId": "koFTNK0XAFjY",
          "checksum": "3d2b7792a75f3fb1295ce017b5b5ba25"
        },
        {
          "type": "image",
          "assetId": "joZrahErfeOq",
          "checksum": "94afa059f6cd1f55f02848eee407a12e"
        },
        {
          "type": "image",
          "assetId": "xU526WXZOjIG",
          "checksum": "974c8b4f9f2da267b0e22a5ba48bd812"
        },
        {
          "type": "image",
          "assetId": "1tQGCCil7MoD",
          "checksum": "52e901e8ef9d69f1fa8af5aabba6f9d0"
        },
        {
          "type": "image",
          "assetId": "gMGknJ6nHylS",
          "checksum": "1a4a5bb4d14696dd27754b01c5358a7c"
        },
        {
          "type": "image",
          "assetId": "1F2xyb-fDl86",
          "checksum": "1105af1a43af365cd865750b41c1c50f"
        },
        {
          "type": "image",
          "assetId": "_xNRTueVLqUk",
          "checksum": "3b9719f766e6cd9ed93979d09d7fce56"
        },
        {
          "type": "image",
          "assetId": "J0vg5mIpIF7j",
          "checksum": "edcec2348a9b9fa75814e08fecefdc37"
        },
        {
          "type": "image",
          "assetId": "otpu8MU_9U7e",
          "checksum": "f53d8232f8ec5415dbed94d0eb3ceb1d"
        },
        {
          "type": "image",
          "assetId": "5nEvVXopi6kw",
          "checksum": "da52503e785f53f11720a88decbc067d"
        },
        {
          "type": "image",
          "assetId": "isAwemDl_M9h",
          "checksum": "ab608660625509c814297e1e3d8bb912"
        },
        {
          "type": "image",
          "assetId": "q7CxTx01MeM2",
          "checksum": "8d957dcac4aae8967f5715082038a863"
        },
        {
          "type": "image",
          "assetId": "JiNgH4sa9Ajj",
          "checksum": "b913baaa52684d6bf0319aae81780367"
        },
        {
          "type": "image",
          "assetId": "P_2XVFuLdxuU",
          "checksum": "15ade75cfe0cc52275d020b39cfb993f"
        },
        {
          "type": "image",
          "assetId": "Aim6ttd1SlPh",
          "checksum": "74ac16bcd3c96b090e911242d0c031ee"
        },
        {
          "type": "image",
          "assetId": "eVn48P6v650s",
          "checksum": "b4d11a32fcea43eb19a1174559f014e9"
        },
        {
          "type": "image",
          "assetId": "jmgGp1_aMD0u",
          "checksum": "f15894dcd3ce7985d1720a0eef9774f1"
        },
        {
          "type": "image",
          "assetId": "VWJfypvMCs1S",
          "checksum": "2924f114b1084102e2a0adbacacf6d0b"
        },
        {
          "type": "image",
          "assetId": "PyD7TcpZm8bK",
          "checksum": "8055a59db7adcdede34a13f12f6168d5"
        },
        {
          "type": "image",
          "assetId": "LjWGIDIThh9i",
          "checksum": "d3b84845d34d76b311bf58d1839ea857"
        },
        {
          "type": "image",
          "assetId": "C63TYBaCHAp_",
          "checksum": "5808849e6ba20dc3f6c03bd403a45dda"
        }
      ],
      "codegenVersion": "0.0.2"
    },
    {
      "projectId": "wv6w1rRy2KcoypXB5fXD4W",
      "version": "0.0.1",
      "dependencies": {
        "caTPwKxj5ZrD9LQ7DMdK4Z": "3.48.0"
      },
      "lang": "ts",
      "fileLocks": [
        {
          "type": "globalVariant",
          "assetId": "9ZG3x311dLWW",
          "checksum": "9f555437b571d3e0cfff00070ca3baab"
        },
        {
          "assetId": "wv6w1rRy2KcoypXB5fXD4W",
          "type": "projectCss",
          "checksum": "d8763818e9d5216b749efd11fd1f1232"
        },
        {
          "assetId": "wv6w1rRy2KcoypXB5fXD4W",
          "checksum": "cf6dd6e522f09f1bda9cca2af994849e",
          "type": "projectModule"
        },
        {
          "assetId": "wv6w1rRy2KcoypXB5fXD4W",
          "checksum": "1842082fe79c854eece76dba92fc54e2",
          "type": "styleTokensProvider"
        },
        {
          "type": "renderModule",
          "assetId": "e21xJNOnYcQi",
          "checksum": "2f954827ba4f8589e53adecac1eddad7"
        },
        {
          "type": "cssRules",
          "assetId": "e21xJNOnYcQi",
          "checksum": "2f954827ba4f8589e53adecac1eddad7"
        },
        {
          "type": "renderModule",
          "assetId": "AB_TlO5GjVjL",
          "checksum": "9a5d92a263b301290567f3ba60580d53"
        },
        {
          "type": "cssRules",
          "assetId": "AB_TlO5GjVjL",
          "checksum": "9a5d92a263b301290567f3ba60580d53"
        },
        {
          "type": "renderModule",
          "assetId": "rzlrD_m_Uppj",
          "checksum": "59e26aaae45c2456eab367f7e5e2194d"
        },
        {
          "type": "cssRules",
          "assetId": "rzlrD_m_Uppj",
          "checksum": "59e26aaae45c2456eab367f7e5e2194d"
        },
        {
          "type": "icon",
          "assetId": "8dYgse5vWJhz",
          "checksum": "444821b3758d798b6ff3951fd6e3fdd9"
        },
        {
          "type": "icon",
          "assetId": "8VT4cyJhAMVS",
          "checksum": "32668f7e62d172d8db06349b13e478d0"
        },
        {
          "type": "icon",
          "assetId": "t3xlMnYJQ3N_",
          "checksum": "253002ac6c12de7f5335e792d7a16032"
        },
        {
          "type": "icon",
          "assetId": "tq2cuk1ZjpD-",
          "checksum": "2f5bd2c230e3c9d7cd39432cde2d1a04"
        },
        {
          "type": "icon",
          "assetId": "VrPvMdBGkWsu",
          "checksum": "74b74de130ecd5d4cf476aafd2383d5e"
        },
        {
          "type": "icon",
          "assetId": "LMgcvlXHEdSb",
          "checksum": "583d57d9e1e94f9438e758a7e390a808"
        },
        {
          "type": "icon",
          "assetId": "1z53gIU2Nmcn",
          "checksum": "9c48c19913499fb65574fd41ad4557eb"
        },
        {
          "type": "icon",
          "assetId": "xvlxOScQgENJ",
          "checksum": "90971814379e8a9ce8d81d6152273f79"
        },
        {
          "type": "icon",
          "assetId": "aJU5oQgyvmN-",
          "checksum": "0b333daf4f63db5831cc20895f5a7116"
        },
        {
          "type": "icon",
          "assetId": "3B_P21WAvgKM",
          "checksum": "9eff316870938f306eccbede5303ff14"
        },
        {
          "type": "icon",
          "assetId": "pDfyQxJzkpy0",
          "checksum": "d988d60e7ac337ac9dc0519682945af2"
        },
        {
          "type": "icon",
          "assetId": "3wpMfXoQvPtU",
          "checksum": "4e92a31284f916d47b9c85e9bd3a6dfb"
        },
        {
          "type": "icon",
          "assetId": "cr1wOmiHdAff",
          "checksum": "e17bd2ff6d0ca1fcd43c8667876fdf55"
        },
        {
          "type": "icon",
          "assetId": "uGYVEBcI3CDd",
          "checksum": "13da22c5a49b282941be23d29756b656"
        },
        {
          "type": "icon",
          "assetId": "FHVc-n1Kst6R",
          "checksum": "77255df6eccabe7621443a6757bc1e76"
        },
        {
          "type": "icon",
          "assetId": "1i09wuVkPgia",
          "checksum": "66a665b04a7c7633bc0188fe9071f668"
        },
        {
          "type": "icon",
          "assetId": "aqfilo5EFnWP",
          "checksum": "691ff226015f9839d340a51f760babf1"
        },
        {
          "type": "icon",
          "assetId": "TKGTHIyiE4nh",
          "checksum": "635252aa31f33604b9ea7b6c45b07f62"
        },
        {
          "type": "icon",
          "assetId": "bnhWA2Pvl-TZ",
          "checksum": "14bf13a71a70bb6e6300da891867ac21"
        },
        {
          "type": "icon",
          "assetId": "KvbNpSG3v7KX",
          "checksum": "d313cb579c64cc1f597af259c72bc580"
        },
        {
          "type": "icon",
          "assetId": "-I_E0gjUpfiD",
          "checksum": "dcf7ecd645cdf0c25448f42e85148ce9"
        },
        {
          "type": "icon",
          "assetId": "WokVYJq4GIda",
          "checksum": "c538156c4f345b20b7c92522e0947299"
        },
        {
          "type": "icon",
          "assetId": "XDaV10kFzDiM",
          "checksum": "47b279b30228a652ed0c7698894412a2"
        },
        {
          "type": "icon",
          "assetId": "33UaRPwpwdHO",
          "checksum": "aac16a4b08317a1e5a1929fa907d783b"
        },
        {
          "type": "icon",
          "assetId": "5Evf5OVyLNo8",
          "checksum": "b6fa4110b28e150a97b92453315fba6b"
        },
        {
          "type": "icon",
          "assetId": "upIcAd8EdQQY",
          "checksum": "31e6e568e649937db99d3dbd8b412fa0"
        },
        {
          "type": "icon",
          "assetId": "WnaQABXrZ4mC",
          "checksum": "f679a22fe1d6893b08e1215602becbe7"
        },
        {
          "type": "icon",
          "assetId": "YnKx0P1b4low",
          "checksum": "b6e773dc8023e6c077000b74a02f3862"
        },
        {
          "type": "icon",
          "assetId": "HYdqvK1LKtka",
          "checksum": "b3ea6169cf48ddb00bbf69fd8d04b6c5"
        },
        {
          "type": "icon",
          "assetId": "1kYGL2uTr6dm",
          "checksum": "20ea59404614f15f5fa42752bfbed099"
        },
        {
          "type": "icon",
          "assetId": "FhgDXsuYLrgk",
          "checksum": "556d57ae06cdd4aca9de7c1590af8c91"
        },
        {
          "type": "icon",
          "assetId": "F6Cp9X0b_Wzl",
          "checksum": "bc8a1e427b0228e37fc27da4fbb40bc5"
        },
        {
          "type": "icon",
          "assetId": "WdGhIz4wqxGw",
          "checksum": "2e78263c79ce7a13aef64aeec1900835"
        },
        {
          "type": "icon",
          "assetId": "xvvf92likRam",
          "checksum": "df23dbb5018f662000b622d38595ba79"
        },
        {
          "type": "image",
          "assetId": "kS7iB73okMMd",
          "checksum": "b583fa07a4e9623a9087c4bd97d011bf"
        },
        {
          "type": "image",
          "assetId": "c-umWq4wASo-",
          "checksum": "7c012655f99c45fd67348036fdbce38e"
        },
        {
          "type": "image",
          "assetId": "Z-Wx7FFg4WI1",
          "checksum": "cf0780ce90309c884178d1470cd04204"
        }
      ],
      "codegenVersion": "0.0.2"
    },
    {
      "projectId": "rdk3mmCwk3GzhDjg1owJ7z",
      "version": "latest",
      "dependencies": {
        "wv6w1rRy2KcoypXB5fXD4W": "0.0.1",
        "caTPwKxj5ZrD9LQ7DMdK4Z": "3.48.0",
        "cTCzYqWgaP9vpqpv3zu3qB": "0.0.1",
        "7nJ7UcFmq9UzB6eXfC5z4a": "0.37.0",
        "8PtdGodUbexNYgkuyBUcWu": "3.33.0",
        "kpio2pzukKRJkKg6SSrKTe": "0.5.0",
        "miaW1xp1scEQBREQYHRbaL": "0.7.0",
        "szjgMQpPpxhmkjnaBvZQJG": "2.34.0",
        "axVArpcqgHCPMKB2yUGsW3": "0.0.3",
        "r3ASNrnyvLLLAtDvzUioQ": "4.14.0"
      },
      "lang": "ts",
      "fileLocks": [
        {
          "type": "globalVariant",
          "assetId": "-OZGxfu0JVsw",
          "checksum": "9cb2cdca031922142296ea190762a78e"
        },
        {
          "assetId": "rdk3mmCwk3GzhDjg1owJ7z",
          "type": "projectCss",
          "checksum": "4f4cbd621bf45791a1adaa504007aa4e"
        },
        {
          "assetId": "rdk3mmCwk3GzhDjg1owJ7z",
          "checksum": "c57cdf63421909ad437d048156304610",
          "type": "globalContexts"
        },
        {
          "assetId": "rdk3mmCwk3GzhDjg1owJ7z",
          "checksum": "fa5ffbd5cd06cb49941aebebae4afa13",
          "type": "projectModule"
        },
        {
          "assetId": "rdk3mmCwk3GzhDjg1owJ7z",
          "checksum": "a4137ffc10c39eb5029a6653ad4935ca",
          "type": "styleTokensProvider"
        },
        {
          "type": "renderModule",
          "assetId": "Vsz5ok1OihHD",
          "checksum": "65ac7fd129c5640a6350a74c3fa27152"
        },
        {
          "type": "cssRules",
          "assetId": "Vsz5ok1OihHD",
          "checksum": "65ac7fd129c5640a6350a74c3fa27152"
        },
        {
          "type": "icon",
          "assetId": "9J3IvLmcdLEc",
          "checksum": "99115b8922b298292ccd6b4652aa4fcf"
        },
        {
          "type": "icon",
          "assetId": "FtI-DHL8IdYk",
          "checksum": "f64711a0f3fb9be64e9b84eeedfe4737"
        },
        {
          "type": "icon",
          "assetId": "nlhe-7J7EqXH",
          "checksum": "c19b698dc357c88ef35ef8913d40012f"
        },
        {
          "type": "icon",
          "assetId": "YX6vHVKg8tRY",
          "checksum": "fc4689b29e721a7accd15b86dc6d9523"
        },
        {
          "type": "icon",
          "assetId": "o2XeMCKDacom",
          "checksum": "604bb415fb548880ec56d8009388c284"
        },
        {
          "type": "image",
          "assetId": "K7iTq8yyA4ZJ",
          "checksum": "ed34ec29ed56e9eef3c1ac80e28a8aff"
        },
        {
          "type": "image",
          "assetId": "eEZywBhu-3Yw",
          "checksum": "eed27df0686a3c9cd905df81782c2021"
        },
        {
          "type": "image",
          "assetId": "GAJXcuVCZqnP",
          "checksum": "4872f36f8d21c8eac96e6f35b5b07dd0"
        },
        {
          "type": "image",
          "assetId": "rEiCO9USMaF3",
          "checksum": "3a2a90cf3b6cf3d4812ff2d65cd34f8c"
        },
        {
          "type": "image",
          "assetId": "JUualILoxg5G",
          "checksum": "7942d84d9da7ef7037d1c9f19d13424f"
        },
        {
          "type": "image",
          "assetId": "rgaQNtSoe4G4",
          "checksum": "71de4b19d17f619147f0d21cebc772db"
        },
        {
          "type": "image",
          "assetId": "U9Q7a35lP8tR",
          "checksum": "16a7018fac847462e634b004cad12ccc"
        }
      ],
      "codegenVersion": "0.0.2"
    }
  ],
  "cliVersion": "0.1.355"
}
